
Microsoft Visual Studio Solution File, Format Version 12.00
# Visual Studio Version 17
VisualStudioVersion = 17.3.32901.215
MinimumVisualStudioVersion = 10.0.40219.1
Project("{FAE04EC0-301F-11D3-BF4B-00C04F79EFBC}") = "ConsoleApp1", "ConsoleApp1\ConsoleApp1.csproj", "{D5282983-5568-4531-8CC9-19FC7D2665B8}"
EndProject
Project("{FAE04EC0-301F-11D3-BF4B-00C04F79EFBC}") = "WSUniversalLib", "WSUniversalLib\WSUniversalLib.csproj", "{ECBB0CE3-DF2D-4DD0-8861-5DC1425AB560}"
EndProject
Global
	GlobalSection(SolutionConfigurationPlatforms) = preSolution
		Debug|Any CPU = Debug|Any CPU
		Release|Any CPU = Release|Any CPU
	EndGlobalSection
	GlobalSection(ProjectConfigurationPlatforms) = postSolution
		{D5282983-5568-4531-8CC9-19FC7D2665B8}.Debug|Any CPU.ActiveCfg = Debug|Any CPU
		{D5282983-5568-4531-8CC9-19FC7D2665B8}.Debug|Any CPU.Build.0 = Debug|Any CPU
		{D5282983-5568-4531-8CC9-19FC7D2665B8}.Release|Any CPU.ActiveCfg = Release|Any CPU
		{D5282983-5568-4531-8CC9-19FC7D2665B8}.Release|Any CPU.Build.0 = Release|Any CPU
		{ECBB0CE3-DF2D-4DD0-8861-5DC1425AB560}.Debug|Any CPU.ActiveCfg = Debug|Any CPU
		{ECBB0CE3-DF2D-4DD0-8861-5DC1425AB560}.Debug|Any CPU.Build.0 = Debug|Any CPU
		{ECBB0CE3-DF2D-4DD0-8861-5DC1425AB560}.Release|Any CPU.ActiveCfg = Release|Any CPU
		{ECBB0CE3-DF2D-4DD0-8861-5DC1425AB560}.Release|Any CPU.Build.0 = Release|Any CPU
	EndGlobalSection
	GlobalSection(SolutionProperties) = preSolution
		HideSolutionNode = FALSE
	EndGlobalSection
	GlobalSection(ExtensibilityGlobals) = postSolution
		SolutionGuid = {83A6A0B1-3076-44CE-8B5B-FA14C64E6B01}
	EndGlobalSection
EndGlobal
